
Microsoft Visual Studio Solution File, Format Version 12.00
# Visual Studio 2013
VisualStudioVersion = 12.0.31101.0
MinimumVisualStudioVersion = 10.0.40219.1
Project("{FAE04EC0-301F-11D3-BF4B-00C04F79EFBC}") = "GesEventSpike.ConsoleHost", "GesEventSpike.ConsoleHost\GesEventSpike.ConsoleHost.csproj", "{BEDF59AE-9E42-4F74-A568-C24CA0E28D5A}"
EndProject
Project("{FAE04EC0-301F-11D3-BF4B-00C04F79EFBC}") = "GesEventSpike.EventStoreIntegration", "GesEventSpike.EventStoreIntegration\GesEventSpike.EventStoreIntegration.csproj", "{ECDA50CA-A346-40A3-A3AA-9A9F6DCCAEE8}"
EndProject
Project("{FAE04EC0-301F-11D3-BF4B-00C04F79EFBC}") = "GesEventSpike.Core", "C:\Workspace\GesEventSpike\GesEventSpike.Core\GesEventSpike.Core.csproj", "{CAA04A2A-DBB7-43BC-939E-FBB9A487F0E4}"
EndProject
Global
	GlobalSection(SolutionConfigurationPlatforms) = preSolution
		Debug|Any CPU = Debug|Any CPU
		Release|Any CPU = Release|Any CPU
	EndGlobalSection
	GlobalSection(ProjectConfigurationPlatforms) = postSolution
		{BEDF59AE-9E42-4F74-A568-C24CA0E28D5A}.Debug|Any CPU.ActiveCfg = Debug|Any CPU
		{BEDF59AE-9E42-4F74-A568-C24CA0E28D5A}.Debug|Any CPU.Build.0 = Debug|Any CPU
		{BEDF59AE-9E42-4F74-A568-C24CA0E28D5A}.Release|Any CPU.ActiveCfg = Release|Any CPU
		{BEDF59AE-9E42-4F74-A568-C24CA0E28D5A}.Release|Any CPU.Build.0 = Release|Any CPU
		{ECDA50CA-A346-40A3-A3AA-9A9F6DCCAEE8}.Debug|Any CPU.ActiveCfg = Debug|Any CPU
		{ECDA50CA-A346-40A3-A3AA-9A9F6DCCAEE8}.Debug|Any CPU.Build.0 = Debug|Any CPU
		{ECDA50CA-A346-40A3-A3AA-9A9F6DCCAEE8}.Release|Any CPU.ActiveCfg = Release|Any CPU
		{ECDA50CA-A346-40A3-A3AA-9A9F6DCCAEE8}.Release|Any CPU.Build.0 = Release|Any CPU
		{CAA04A2A-DBB7-43BC-939E-FBB9A487F0E4}.Debug|Any CPU.ActiveCfg = Debug|Any CPU
		{CAA04A2A-DBB7-43BC-939E-FBB9A487F0E4}.Debug|Any CPU.Build.0 = Debug|Any CPU
		{CAA04A2A-DBB7-43BC-939E-FBB9A487F0E4}.Release|Any CPU.ActiveCfg = Release|Any CPU
		{CAA04A2A-DBB7-43BC-939E-FBB9A487F0E4}.Release|Any CPU.Build.0 = Release|Any CPU
	EndGlobalSection
	GlobalSection(SolutionProperties) = preSolution
		HideSolutionNode = FALSE
	EndGlobalSection
EndGlobal
